
Microsoft Visual Studio Solution File, Format Version 12.00
# Visual Studio Version 16
VisualStudioVersion = 16.0.30523.141
MinimumVisualStudioVersion = 10.0.40219.1
Project("{FAE04EC0-301F-11D3-BF4B-00C04F79EFBC}") = "PK_02_Notatnik", "PK_02_Notatnik\PK_02_Notatnik.csproj", "{C6D3C624-ACA2-4EEE-B93C-3E985664DDDF}"
EndProject
Global
	GlobalSection(SolutionConfigurationPlatforms) = preSolution
		Debug|Any CPU = Debug|Any CPU
		Release|Any CPU = Release|Any CPU
	EndGlobalSection
	GlobalSection(ProjectConfigurationPlatforms) = postSolution
		{C6D3C624-ACA2-4EEE-B93C-3E985664DDDF}.Debug|Any CPU.ActiveCfg = Debug|Any CPU
		{C6D3C624-ACA2-4EEE-B93C-3E985664DDDF}.Debug|Any CPU.Build.0 = Debug|Any CPU
		{C6D3C624-ACA2-4EEE-B93C-3E985664DDDF}.Release|Any CPU.ActiveCfg = Release|Any CPU
		{C6D3C624-ACA2-4EEE-B93C-3E985664DDDF}.Release|Any CPU.Build.0 = Release|Any CPU
	EndGlobalSection
	GlobalSection(SolutionProperties) = preSolution
		HideSolutionNode = FALSE
	EndGlobalSection
	GlobalSection(ExtensibilityGlobals) = postSolution
		SolutionGuid = {2F70077C-A9E4-41FF-8706-5002EBCF0E53}
	EndGlobalSection
EndGlobal
